<?xml version="1.0" encoding="UTF-8" standalone="yes" ?>
<CodeBlocks_project_file>
	<FileVersion major="1" minor="6" />
	<Project>
		<Option title="Ethonmem" />
		<Option pch_mode="2" />
		<Option compiler="gcc" />
		<Build>
			<Target title="Debug">
				<Option output="libEthonmem" prefix_auto="1" extension_auto="1" />
				<Option working_dir="" />
				<Option object_output="obj/Debug/" />
				<Option type="2" />
				<Option compiler="gcc" />
				<Option createDefFile="1" />
				<Compiler>
					<Add option="-g" />
				</Compiler>
			</Target>
			<Target title="Release">
				<Option output="libEthonmem" prefix_auto="1" extension_auto="1" />
				<Option working_dir="" />
				<Option object_output="obj/Release/" />
				<Option type="2" />
				<Option compiler="gcc" />
				<Option createDefFile="1" />
				<Compiler>
					<Add option="-fomit-frame-pointer" />
					<Add option="-fexpensive-optimizations" />
					<Add option="-O3" />
					<Add directory="./include/" />
				</Compiler>
				<Linker>
					<Add option="-s" />
					<Add library="boost_system" />
					<Add library="boost_filesystem" />
				</Linker>
			</Target>
		</Build>
		<Compiler>
			<Add option="-Weffc++" />
			<Add option="-std=c++0x" />
			<Add option="-Wfatal-errors" />
			<Add option="-Wextra" />
			<Add option="-Wall" />
		</Compiler>
		<Unit filename="include/Ethon/Debugger.hpp" />
		<Unit filename="include/Ethon/Error.hpp" />
		<Unit filename="include/Ethon/Memory.hpp" />
		<Unit filename="include/Ethon/MemoryRegions.hpp" />
		<Unit filename="include/Ethon/Processes.hpp" />
		<Unit filename="include/Ethon/Scanner.hpp" />
		<Unit filename="include/Ethon/Threads.hpp" />
		<Unit filename="include/Ethonmem.hpp" />
		<Unit filename="source/Debugger.cpp" />
		<Unit filename="source/Error.cpp" />
		<Unit filename="source/Memory.cpp" />
		<Unit filename="source/MemoryRegions.cpp" />
		<Unit filename="source/Processes.cpp" />
		<Unit filename="source/Scanner.cpp" />
		<Unit filename="source/Threads.cpp" />
		<Extensions>
			<code_completion />
			<debugger />
		</Extensions>
	</Project>
</CodeBlocks_project_file>
